{"SurveyEntry":{"SurveyID":"SV_3kr7M7EpKxxpG2V","SurveyName":"Kirby-Timed","SurveyDescription":null,"SurveyOwnerID":"UR_8vt6WYuwczzPDvL","SurveyBrandID":"duke","DivisionID":null,"SurveyLanguage":"EN","SurveyActiveResponseSet":"RS_2fQ90kIhT6jJTKZ","SurveyStatus":"Active","SurveyStartDate":"0000-00-00 00:00:00","SurveyExpirationDate":"0000-00-00 00:00:00","SurveyCreationDate":"2017-03-08 09:42:44","CreatorID":"UR_8vt6WYuwczzPDvL","LastModified":"2017-03-08 09:55:23","LastAccessed":"0000-00-00 00:00:00","LastActivated":"2017-03-08 09:49:38","Deleted":null},"SurveyElements":[{"SurveyID":"SV_3kr7M7EpKxxpG2V","Element":"BL","PrimaryAttribute":"Survey Blocks","SecondaryAttribute":null,"TertiaryAttribute":null,"Payload":{"0":{"Type":"Default","Description":"Rank 7","ID":"BL_6RnHWaSJqKvCS2N","BlockElements":[{"Type":"Question","QuestionID":"QID41"},{"Type":"Page Break"},{"Type":"Question","QuestionID":"QID25"},{"Type":"Question","QuestionID":"QID7"},{"Type":"Page Break"},{"Type":"Question","QuestionID":"QID27"},{"Type":"Question","QuestionID":"QID8"},{"Type":"Page Break"},{"Type":"Question","QuestionID":"QID9","SkipLogic":[{"SkipLogicID":4,"ChoiceLocator":"q:\/\/QID9\/DisplayableQuestion\/1","Condition":"Displayed","SkipToDestination":"ENDOFSURVEY","Locator":"q:\/\/QID9\/ChoiceDisplayed","SkipToDescription":"Your discount rate is appro... <strong>Your discount rate is appro...<\/strong>  <strong>Is Displayed<\/strong>","Description":"Condition: <strong title=\"Your discount rate is approximately 0.13.\">Your discount rate is appro...<\/strong> <strong>Is Displayed<\/strong>. Skip To: <strong>End of Survey<\/strong>.","QuestionID":"QID9"}]}]},"1":{"Type":"Trash","Description":"Trash \/ Unused Questions","ID":"BL_dm5ZbCM2soQkZRr","BlockElements":[]},"2":{"Type":"Standard","SubType":"","Description":"Rank 6","ID":"BL_9N7JCRHQG4Kg1xz","BlockElements":[{"Type":"Question","QuestionID":"QID26"},{"Type":"Question","QuestionID":"QID6"},{"Type":"Page Break"},{"Type":"Question","QuestionID":"QID28"},{"Type":"Question","QuestionID":"QID10"},{"Type":"Page Break"},{"Type":"Question","QuestionID":"QID11","SkipLogic":[{"SkipLogicID":5,"ChoiceLocator":"q:\/\/QID11\/DisplayableQuestion\/1","Condition":"Displayed","SkipToDestination":"ENDOFSURVEY","Locator":"q:\/\/QID11\/ChoiceDisplayed","SkipToDescription":"Your discount rate is appro... <strong>Your discount rate is appro...<\/strong>  <strong>Is Displayed<\/strong>","Description":"Condition: <strong title=\"Your discount rate is approximately 0.035.\">Your discount rate is appro...<\/strong> <strong>Is Displayed<\/strong>. Skip To: <strong>End of Survey<\/strong>.","QuestionID":"QID11"}]}]},"4":{"Type":"Standard","SubType":"","Description":"Rank 5","ID":"BL_5BbXbHwfLJ34URv","BlockElements":[{"Type":"Question","QuestionID":"QID29"},{"Type":"Question","QuestionID":"QID5"},{"Type":"Page Break"},{"Type":"Question","QuestionID":"QID30"},{"Type":"Question","QuestionID":"QID15"},{"Type":"Page Break"},{"Type":"Question","QuestionID":"QID14","SkipLogic":[{"SkipLogicID":6,"ChoiceLocator":"q:\/\/QID14\/DisplayableQuestion\/1","Condition":"Displayed","SkipToDestination":"ENDOFSURVEY","Locator":"q:\/\/QID14\/ChoiceDisplayed","SkipToDescription":"Your discount rate is appro... <strong>Your discount rate is appro...<\/strong>  <strong>Is Displayed<\/strong>","Description":"Condition: <strong title=\"Your discount rate is approximately 0.015.\">Your discount rate is appro...<\/strong> <strong>Is Displayed<\/strong>. Skip To: <strong>End of Survey<\/strong>.","QuestionID":"QID14"}]}]},"5":{"Type":"Standard","SubType":"","Description":"Rank 4","ID":"BL_6sVyU1jtUxu9Gst","BlockElements":[{"Type":"Question","QuestionID":"QID31"},{"Type":"Question","QuestionID":"QID4"},{"Type":"Page Break"},{"Type":"Question","QuestionID":"QID32"},{"Type":"Question","QuestionID":"QID16"},{"Type":"Page Break"},{"Type":"Question","QuestionID":"QID17","SkipLogic":[{"SkipLogicID":7,"ChoiceLocator":"q:\/\/QID17\/DisplayableQuestion\/1","Condition":"Displayed","SkipToDestination":"ENDOFSURVEY","Locator":"q:\/\/QID17\/ChoiceDisplayed","SkipToDescription":"Your discount rate is appro... <strong>Your discount rate is appro...<\/strong>  <strong>Is Displayed<\/strong>","Description":"Condition: <strong title=\"Your discount rate is approximately 0.007.\">Your discount rate is appro...<\/strong> <strong>Is Displayed<\/strong>. Skip To: <strong>End of Survey<\/strong>.","QuestionID":"QID17"}]}]},"6":{"Type":"Standard","SubType":"","Description":"Rank 3","ID":"BL_3aE5ZAQaLWzMg8B","BlockElements":[{"Type":"Question","QuestionID":"QID33"},{"Type":"Question","QuestionID":"QID3"},{"Type":"Page Break"},{"Type":"Question","QuestionID":"QID34"},{"Type":"Question","QuestionID":"QID18"},{"Type":"Page Break"},{"Type":"Question","QuestionID":"QID19","SkipLogic":[{"SkipLogicID":8,"ChoiceLocator":"q:\/\/QID19\/DisplayableQuestion\/1","Condition":"Displayed","SkipToDestination":"ENDOFSURVEY","Locator":"q:\/\/QID19\/ChoiceDisplayed","SkipToDescription":"Your discount rate is appro... <strong>Your discount rate is appro...<\/strong>  <strong>Is Displayed<\/strong>","Description":"Condition: <strong title=\"Your discount rate is approximately 0.005.\">Your discount rate is appro...<\/strong> <strong>Is Displayed<\/strong>. Skip To: <strong>End of Survey<\/strong>.","QuestionID":"QID19"}]}]},"7":{"Type":"Standard","SubType":"","Description":"Rank 2","ID":"BL_dcGficLkF0uNAdT","BlockElements":[{"Type":"Question","QuestionID":"QID35"},{"Type":"Question","QuestionID":"QID2"},{"Type":"Page Break"},{"Type":"Question","QuestionID":"QID36"},{"Type":"Question","QuestionID":"QID22"},{"Type":"Page Break"},{"Type":"Question","QuestionID":"QID20","SkipLogic":[{"SkipLogicID":9,"ChoiceLocator":"q:\/\/QID20\/DisplayableQuestion\/1","Condition":"Displayed","SkipToDestination":"ENDOFSURVEY","Locator":"q:\/\/QID20\/ChoiceDisplayed","SkipToDescription":"Your discount rate is appro... <strong>Your discount rate is appro...<\/strong>  <strong>Is Displayed<\/strong>","Description":"Condition: <strong title=\"Your discount rate is approximately 0.003.\">Your discount rate is appro...<\/strong> <strong>Is Displayed<\/strong>. Skip To: <strong>End of Survey<\/strong>.","QuestionID":"QID20"}]}]},"8":{"Type":"Standard","SubType":"","Description":"Rank 1","ID":"BL_9oC7MwGuMgMZgln","BlockElements":[{"Type":"Question","QuestionID":"QID37"},{"Type":"Question","QuestionID":"QID1"},{"Type":"Page Break"},{"Type":"Question","QuestionID":"QID21","SkipLogic":[{"SkipLogicID":11,"ChoiceLocator":"q:\/\/QID21\/DisplayableQuestion\/1","Condition":"Displayed","SkipToDestination":"ENDOFSURVEY","Locator":"q:\/\/QID21\/ChoiceDisplayed","SkipToDescription":"Your discount rate is appro... <strong>Your discount rate is appro...<\/strong>  <strong>Is Displayed<\/strong>","Description":"Condition: <strong title=\"Your discount rate is approximately 0.0007.\">Your discount rate is appro...<\/strong> <strong>Is Displayed<\/strong>. Skip To: <strong>End of Survey<\/strong>.","QuestionID":"QID21"}]},{"Type":"Question","QuestionID":"QID24","SkipLogic":[{"SkipLogicID":12,"ChoiceLocator":"q:\/\/QID24\/DisplayableQuestion\/1","Condition":"Displayed","SkipToDestination":"ENDOFSURVEY","Locator":"q:\/\/QID24\/ChoiceDisplayed","SkipToDescription":"Your discount rate is appro... <strong>Your discount rate is appro...<\/strong>  <strong>Is Displayed<\/strong>","Description":"Condition: <strong title=\"Your discount rate is approximately 0.003.\">Your discount rate is appro...<\/strong> <strong>Is Displayed<\/strong>. Skip To: <strong>End of Survey<\/strong>.","QuestionID":"QID24"}]},{"Type":"Question","QuestionID":"QID40"}]}}},{"SurveyID":"SV_3kr7M7EpKxxpG2V","Element":"FL","PrimaryAttribute":"Survey Flow","SecondaryAttribute":null,"TertiaryAttribute":null,"Payload":{"Type":"Root","FlowID":"FL_1","Flow":[{"Type":"Block","ID":"BL_6RnHWaSJqKvCS2N","FlowID":"FL_2"},{"Type":"Standard","ID":"BL_9N7JCRHQG4Kg1xz","FlowID":"FL_3"},{"Type":"Standard","ID":"BL_5BbXbHwfLJ34URv","FlowID":"FL_5"},{"Type":"Standard","ID":"BL_6sVyU1jtUxu9Gst","FlowID":"FL_6"},{"Type":"Standard","ID":"BL_3aE5ZAQaLWzMg8B","FlowID":"FL_7"},{"Type":"Standard","ID":"BL_dcGficLkF0uNAdT","FlowID":"FL_8"},{"Type":"Standard","ID":"BL_9oC7MwGuMgMZgln","FlowID":"FL_9"}],"Properties":{"Count":10}}},{"SurveyID":"SV_3kr7M7EpKxxpG2V","Element":"SO","PrimaryAttribute":"Survey Options","SecondaryAttribute":null,"TertiaryAttribute":null,"Payload":{"BackButton":"false","SaveAndContinue":"true","SurveyProtection":"PublicSurvey","BallotBoxStuffingPrevention":"false","NoIndex":"Yes","SecureResponseFiles":"true","SurveyExpiration":null,"SurveyTermination":"DefaultMessage","Header":"","Footer":"","ProgressBarDisplay":"None","PartialData":"+1 week","ValidationMessage":null,"PreviousButton":"  <<  ","NextButton":"  >>  ","SkinLibrary":"yalesurvey","SkinType":"MQ","Skin":"yalesurvey4","NewScoring":1,"EOSMessage":"","ShowExportTags":"false","CollectGeoLocation":"false","SurveyTitle":"Online Survey Software | Qualtrics Survey Solutions","SurveyMetaDescription":"Qualtrics sophisticated online survey software solutions make creating online surveys easy. Learn more about Research Suite and get a free account today.","PasswordProtection":"No","AnonymizeResponse":"No","Password":"","RefererCheck":"No","RefererURL":"http:\/\/","EOSMessageLibrary":"","EOSRedirectURL":"http:\/\/","EmailThankYou":"false","ThankYouEmailMessageLibrary":null,"ThankYouEmailMessage":null,"ValidateMessage":"false","ValidationMessageLibrary":null,"InactiveSurvey":"DefaultMessage","PartialDataCloseAfter":"LastActivity","InactiveMessageLibrary":"","InactiveMessage":"","ActiveResponseSet":null,"AvailableLanguages":{"EN":[]},"ProtectSelectionIds":true}},{"SurveyID":"SV_3kr7M7EpKxxpG2V","Element":"TR","PrimaryAttribute":"OC_2TLfysGfhCzcaQL","SecondaryAttribute":null,"TertiaryAttribute":null,"Payload":{"Name":"New Action","EventType":"OnSurveyResponse","Type":"OnSurveyComplete","LogicV2":{"type":"always","children":[]},"TriggerAction":"Outcome"}},{"SurveyID":"SV_3kr7M7EpKxxpG2V","Element":"SCO","PrimaryAttribute":"Scoring","SecondaryAttribute":null,"TertiaryAttribute":null,"Payload":{"ScoringCategories":[],"ScoringCategoryGroups":[],"ScoringSummaryCategory":null,"ScoringSummaryAfterQuestions":0,"ScoringSummaryAfterSurvey":0,"DefaultScoringCategory":null,"AutoScoringCategory":null}},{"SurveyID":"SV_3kr7M7EpKxxpG2V","Element":"STAT","PrimaryAttribute":"Survey Statistics","SecondaryAttribute":null,"TertiaryAttribute":null,"Payload":{"MobileCompatible":true,"ID":"Survey Statistics"}},{"SurveyID":"SV_3kr7M7EpKxxpG2V","Element":"PROJ","PrimaryAttribute":"CORE","SecondaryAttribute":"1.0.0","TertiaryAttribute":null,"Payload":null},{"SurveyID":"SV_3kr7M7EpKxxpG2V","Element":"QC","PrimaryAttribute":"Survey Question Count","SecondaryAttribute":"41","TertiaryAttribute":null,"Payload":null},{"SurveyID":"SV_3kr7M7EpKxxpG2V","Element":"RS","PrimaryAttribute":"RS_2fQ90kIhT6jJTKZ","SecondaryAttribute":"Default Response Set","TertiaryAttribute":null,"Payload":null},{"SurveyID":"SV_3kr7M7EpKxxpG2V","Element":"SQ","PrimaryAttribute":"QID41","SecondaryAttribute":"Think about how much money you have right now. \u00a0For each of the following questions, select the o..","TertiaryAttribute":null,"Payload":{"QuestionText":"Think about how much money you have right now. &nbsp;For each of the following questions, select the option that you'd rather have. &nbsp;Please choose as if you would actually either get the money <b>tonight<\/b> (if you choose the first option) or as if you'd actually get the money in the <b>specified time<\/b> (if you choose the second option). &nbsp;<div><br><\/div><div>You will only have <b>4 seconds <\/b>to make your selection. &nbsp;The time remaining for your choice will be displayed on the screen. &nbsp;<b>If you do not make your choice quickly enough, you will have to begin the survey again.<\/b><\/div>","DefaultChoices":false,"DataExportTag":"Q36","QuestionType":"DB","Selector":"TB","Configuration":{"QuestionDescriptionOption":"UseText"},"QuestionDescription":"Think about how much money you have right now. \u00a0For each of the following questions, select the o...","ChoiceOrder":[],"Validation":{"Settings":{"Type":"None"}},"GradingData":[],"Language":[],"QuestionID":"QID41"}},{"SurveyID":"SV_3kr7M7EpKxxpG2V","Element":"SQ","PrimaryAttribute":"QID25","SecondaryAttribute":"Timing","TertiaryAttribute":null,"Payload":{"QuestionText":"Timing","DefaultChoices":false,"DataExportTag":"Timer 7.2","QuestionType":"Timing","Selector":"PageTimer","Configuration":{"QuestionDescriptionOption":"UseText","MinSeconds":"0","MaxSeconds":6,"ShowTimer":true,"Seconds":4},"QuestionDescription":"Timing","Choices":{"1":{"Display":"First Click"},"2":{"Display":"Last Click"},"3":{"Display":"Page Submit"},"4":{"Display":"Click Count"}},"GradingData":[],"Language":[],"QuestionID":"QID25"}},{"SurveyID":"SV_3kr7M7EpKxxpG2V","Element":"SQ","PrimaryAttribute":"QID26","SecondaryAttribute":"Timing","TertiaryAttribute":null,"Payload":{"QuestionText":"Timing","DefaultChoices":false,"DataExportTag":"Timer 6.3","QuestionType":"Timing","Selector":"PageTimer","Configuration":{"QuestionDescriptionOption":"UseText","MinSeconds":"0","MaxSeconds":6,"ShowTimer":true,"Seconds":4},"QuestionDescription":"Timing","Choices":{"1":{"Display":"First Click"},"2":{"Display":"Last Click"},"3":{"Display":"Page Submit"},"4":{"Display":"Click Count"}},"GradingData":[],"Language":[],"QuestionID":"QID26"}},{"SurveyID":"SV_3kr7M7EpKxxpG2V","Element":"SQ","PrimaryAttribute":"QID27","SecondaryAttribute":"Timing","TertiaryAttribute":null,"Payload":{"QuestionText":"Timing","DefaultChoices":false,"DataExportTag":"Timer 7.1","QuestionType":"Timing","Selector":"PageTimer","Configuration":{"QuestionDescriptionOption":"UseText","MinSeconds":"0","MaxSeconds":6,"ShowTimer":true,"Seconds":4},"QuestionDescription":"Timing","Choices":{"1":{"Display":"First Click"},"2":{"Display":"Last Click"},"3":{"Display":"Page Submit"},"4":{"Display":"Click Count"}},"GradingData":[],"Language":[],"QuestionID":"QID27"}},{"SurveyID":"SV_3kr7M7EpKxxpG2V","Element":"SQ","PrimaryAttribute":"QID28","SecondaryAttribute":"Timing","TertiaryAttribute":null,"Payload":{"QuestionText":"Timing","DefaultChoices":false,"DataExportTag":"Timer 6.2","QuestionType":"Timing","Selector":"PageTimer","Configuration":{"QuestionDescriptionOption":"UseText","MinSeconds":"0","MaxSeconds":6,"ShowTimer":true,"Seconds":4},"QuestionDescription":"Timing","Choices":{"1":{"Display":"First Click"},"2":{"Display":"Last Click"},"3":{"Display":"Page Submit"},"4":{"Display":"Click Count"}},"GradingData":[],"Language":[],"QuestionID":"QID28"}},{"SurveyID":"SV_3kr7M7EpKxxpG2V","Element":"SQ","PrimaryAttribute":"QID29","SecondaryAttribute":"Timing","TertiaryAttribute":null,"Payload":{"QuestionText":"Timing","DefaultChoices":false,"DataExportTag":"Timer 5.1","QuestionType":"Timing","Selector":"PageTimer","Configuration":{"QuestionDescriptionOption":"UseText","MinSeconds":"0","MaxSeconds":6,"ShowTimer":true,"Seconds":4},"QuestionDescription":"Timing","Choices":{"1":{"Display":"First Click"},"2":{"Display":"Last Click"},"3":{"Display":"Page Submit"},"4":{"Display":"Click Count"}},"GradingData":[],"Language":[],"QuestionID":"QID29"}},{"SurveyID":"SV_3kr7M7EpKxxpG2V","Element":"SQ","PrimaryAttribute":"QID30","SecondaryAttribute":"Timing","TertiaryAttribute":null,"Payload":{"QuestionText":"Timing","DefaultChoices":false,"DataExportTag":"Timer 5.3","QuestionType":"Timing","Selector":"PageTimer","Configuration":{"QuestionDescriptionOption":"UseText","MinSeconds":"0","MaxSeconds":6,"ShowTimer":true,"Seconds":4},"QuestionDescription":"Timing","Choices":{"1":{"Display":"First Click"},"2":{"Display":"Last Click"},"3":{"Display":"Page Submit"},"4":{"Display":"Click Count"}},"GradingData":[],"Language":[],"QuestionID":"QID30"}},{"SurveyID":"SV_3kr7M7EpKxxpG2V","Element":"SQ","PrimaryAttribute":"QID31","SecondaryAttribute":"Timing","TertiaryAttribute":null,"Payload":{"QuestionText":"Timing","DefaultChoices":false,"DataExportTag":"Timer 4.3","QuestionType":"Timing","Selector":"PageTimer","Configuration":{"QuestionDescriptionOption":"UseText","MinSeconds":"0","MaxSeconds":6,"ShowTimer":true,"Seconds":4},"QuestionDescription":"Timing","Choices":{"1":{"Display":"First Click"},"2":{"Display":"Last Click"},"3":{"Display":"Page Submit"},"4":{"Display":"Click Count"}},"GradingData":[],"Language":[],"QuestionID":"QID31"}},{"SurveyID":"SV_3kr7M7EpKxxpG2V","Element":"SQ","PrimaryAttribute":"QID32","SecondaryAttribute":"Timing","TertiaryAttribute":null,"Payload":{"QuestionText":"Timing","DefaultChoices":false,"DataExportTag":"Timer 4.2","QuestionType":"Timing","Selector":"PageTimer","Configuration":{"QuestionDescriptionOption":"UseText","MinSeconds":"0","MaxSeconds":6,"ShowTimer":true,"Seconds":4},"QuestionDescription":"Timing","Choices":{"1":{"Display":"First Click"},"2":{"Display":"Last Click"},"3":{"Display":"Page Submit"},"4":{"Display":"Click Count"}},"GradingData":[],"Language":[],"QuestionID":"QID32"}},{"SurveyID":"SV_3kr7M7EpKxxpG2V","Element":"SQ","PrimaryAttribute":"QID33","SecondaryAttribute":"Timing","TertiaryAttribute":null,"Payload":{"QuestionText":"Timing","DefaultChoices":false,"DataExportTag":"Timer 3.1","QuestionType":"Timing","Selector":"PageTimer","Configuration":{"QuestionDescriptionOption":"UseText","MinSeconds":"0","MaxSeconds":6,"ShowTimer":true,"Seconds":4},"QuestionDescription":"Timing","Choices":{"1":{"Display":"First Click"},"2":{"Display":"Last Click"},"3":{"Display":"Page Submit"},"4":{"Display":"Click Count"}},"GradingData":[],"Language":[],"QuestionID":"QID33"}},{"SurveyID":"SV_3kr7M7EpKxxpG2V","Element":"SQ","PrimaryAttribute":"QID34","SecondaryAttribute":"Timing","TertiaryAttribute":null,"Payload":{"QuestionText":"Timing","DefaultChoices":false,"DataExportTag":"Timer 3.2","QuestionType":"Timing","Selector":"PageTimer","Configuration":{"QuestionDescriptionOption":"UseText","MinSeconds":"0","MaxSeconds":6,"ShowTimer":true,"Seconds":4},"QuestionDescription":"Timing","Choices":{"1":{"Display":"First Click"},"2":{"Display":"Last Click"},"3":{"Display":"Page Submit"},"4":{"Display":"Click Count"}},"GradingData":[],"Language":[],"QuestionID":"QID34"}},{"SurveyID":"SV_3kr7M7EpKxxpG2V","Element":"SQ","PrimaryAttribute":"QID35","SecondaryAttribute":"Timing","TertiaryAttribute":null,"Payload":{"QuestionText":"Timing","DefaultChoices":false,"DataExportTag":"Timer 2.2","QuestionType":"Timing","Selector":"PageTimer","Configuration":{"QuestionDescriptionOption":"UseText","MinSeconds":"0","MaxSeconds":6,"ShowTimer":true,"Seconds":4},"QuestionDescription":"Timing","Choices":{"1":{"Display":"First Click"},"2":{"Display":"Last Click"},"3":{"Display":"Page Submit"},"4":{"Display":"Click Count"}},"GradingData":[],"Language":[],"QuestionID":"QID35"}},{"SurveyID":"SV_3kr7M7EpKxxpG2V","Element":"SQ","PrimaryAttribute":"QID36","SecondaryAttribute":"Timing","TertiaryAttribute":null,"Payload":{"QuestionText":"Timing","DefaultChoices":false,"DataExportTag":"Timer 2.1","QuestionType":"Timing","Selector":"PageTimer","Configuration":{"QuestionDescriptionOption":"UseText","MinSeconds":"0","MaxSeconds":6,"ShowTimer":true,"Seconds":4},"QuestionDescription":"Timing","Choices":{"1":{"Display":"First Click"},"2":{"Display":"Last Click"},"3":{"Display":"Page Submit"},"4":{"Display":"Click Count"}},"GradingData":[],"Language":[],"QuestionID":"QID36"}},{"SurveyID":"SV_3kr7M7EpKxxpG2V","Element":"SQ","PrimaryAttribute":"QID37","SecondaryAttribute":"Timing","TertiaryAttribute":null,"Payload":{"QuestionText":"Timing","DefaultChoices":false,"DataExportTag":"Timer 1.1","QuestionType":"Timing","Selector":"PageTimer","Configuration":{"QuestionDescriptionOption":"UseText","MinSeconds":"0","MaxSeconds":6,"ShowTimer":true,"Seconds":4},"QuestionDescription":"Timing","Choices":{"1":{"Display":"First Click"},"2":{"Display":"Last Click"},"3":{"Display":"Page Submit"},"4":{"Display":"Click Count"}},"GradingData":[],"Language":[],"QuestionID":"QID37"}},{"SurveyID":"SV_3kr7M7EpKxxpG2V","Element":"SQ","PrimaryAttribute":"QID40","SecondaryAttribute":"Too slow. \u00a0Please restart the survey. \u00a0","TertiaryAttribute":null,"Payload":{"QuestionText":"Too slow. &nbsp;Please restart the survey.<div>&nbsp;<\/div>","DefaultChoices":false,"DataExportTag":"Q37","QuestionID":"QID40","QuestionType":"MC","Selector":"SAVR","SubSelector":"TX","Configuration":{"QuestionDescriptionOption":"UseText"},"QuestionDescription":"Too slow. \u00a0Please restart the survey. \u00a0","Choices":[],"ChoiceOrder":[],"Validation":{"Settings":{"ForceResponse":"OFF","ForceResponseType":"ON","Type":"None"}},"GradingData":[],"Language":[]}},{"SurveyID":"SV_3kr7M7EpKxxpG2V","Element":"SQ","PrimaryAttribute":"QID1","SecondaryAttribute":"Which would you rather have?","TertiaryAttribute":null,"Payload":{"QuestionText":"Which would you rather have?","DefaultChoices":false,"DataExportTag":"Rank 1.1","QuestionType":"MC","Selector":"SAVR","SubSelector":"TX","Configuration":{"QuestionDescriptionOption":"UseText"},"QuestionDescription":"Which would you rather have?","Choices":{"1":{"Display":"$34 tonight"},"2":{"Display":"$35 in 43 days"}},"ChoiceOrder":[1,2],"Validation":{"Settings":{"ForceResponse":"OFF","ForceResponseType":"ON","Type":"None"}},"GradingData":[],"Language":[],"QuestionID":"QID1","DisplayLogic":{"0":{"0":{"LogicType":"Question","QuestionID":"QID2","QuestionIsInLoop":"no","ChoiceLocator":"q:\/\/QID2\/SelectableChoice\/2","Operator":"Selected","QuestionIDFromLocator":"QID2","LeftOperand":"q:\/\/QID2\/SelectableChoice\/2","Type":"Expression","Description":"<span class=\"ConjDesc\">If<\/span> <span class=\"QuestionDesc\">Which would you rather have?<\/span> <span class=\"LeftOpDesc\">$55 in 45 days<\/span> <span class=\"OpDesc\">Is Selected<\/span> "},"1":{"LogicType":"Question","QuestionID":"QID22","QuestionIsInLoop":"no","ChoiceLocator":"q:\/\/QID22\/SelectableChoice\/2","Operator":"Selected","QuestionIDFromLocator":"QID22","LeftOperand":"q:\/\/QID22\/SelectableChoice\/2","Type":"Expression","Description":"<span class=\"ConjDesc\">Or<\/span> <span class=\"QuestionDesc\">Which would you rather have?<\/span> <span class=\"LeftOpDesc\">$30 in 35 days<\/span> <span class=\"OpDesc\">Is Selected<\/span> ","Conjuction":"Or"},"Type":"If"},"Type":"BooleanExpression","inPage":false}}},{"SurveyID":"SV_3kr7M7EpKxxpG2V","Element":"SQ","PrimaryAttribute":"QID2","SecondaryAttribute":"Which would you rather have?","TertiaryAttribute":null,"Payload":{"QuestionText":"Which would you rather have?","DataExportTag":"Rank 2.2","QuestionType":"MC","Selector":"SAVR","SubSelector":"TX","Configuration":{"QuestionDescriptionOption":"UseText"},"QuestionDescription":"Which would you rather have?","Choices":{"1":{"Display":"$48 tonight"},"2":{"Display":"$55 in 45 days"}},"ChoiceOrder":[1,2],"Validation":{"Settings":{"ForceResponse":"OFF","ForceResponseType":"ON","Type":"None"}},"Language":[],"QuestionID":"QID2","DisplayLogic":{"0":{"0":{"LogicType":"Question","QuestionID":"QID3","QuestionIsInLoop":"no","ChoiceLocator":"q:\/\/QID3\/SelectableChoice\/2","Operator":"Selected","QuestionIDFromLocator":"QID3","LeftOperand":"q:\/\/QID3\/SelectableChoice\/2","Type":"Expression","Description":"<span class=\"ConjDesc\">If<\/span> <span class=\"QuestionDesc\">Which would you rather have?<\/span> <span class=\"LeftOpDesc\">$30 in 75 days<\/span> <span class=\"OpDesc\">Is Selected<\/span> "},"1":{"LogicType":"Question","QuestionID":"QID18","QuestionIsInLoop":"no","ChoiceLocator":"q:\/\/QID18\/SelectableChoice\/2","Operator":"Selected","QuestionIDFromLocator":"QID18","LeftOperand":"q:\/\/QID18\/SelectableChoice\/2","Type":"Expression","Description":"<span class=\"ConjDesc\">Or<\/span> <span class=\"QuestionDesc\">Which would you rather have?<\/span> <span class=\"LeftOpDesc\">$60 in 50 days<\/span> <span class=\"OpDesc\">Is Selected<\/span> ","Conjuction":"Or"},"Type":"If"},"Type":"BooleanExpression","inPage":false}}},{"SurveyID":"SV_3kr7M7EpKxxpG2V","Element":"SQ","PrimaryAttribute":"QID3","SecondaryAttribute":"Which would you rather have?","TertiaryAttribute":null,"Payload":{"QuestionText":"Which would you rather have?","DataExportTag":"Rank 3.1","QuestionType":"MC","Selector":"SAVR","SubSelector":"TX","Configuration":{"QuestionDescriptionOption":"UseText"},"QuestionDescription":"Which would you rather have?","Choices":{"1":{"Display":"$21 tonight"},"2":{"Display":"$30 in 75 days"}},"ChoiceOrder":[1,2],"Validation":{"Settings":{"ForceResponse":"OFF","ForceResponseType":"ON","Type":"None"}},"Language":[],"QuestionID":"QID3","DisplayLogic":{"0":{"0":{"LogicType":"Question","QuestionID":"QID4","QuestionIsInLoop":"no","ChoiceLocator":"q:\/\/QID4\/SelectableChoice\/2","Operator":"Selected","QuestionIDFromLocator":"QID4","LeftOperand":"q:\/\/QID4\/SelectableChoice\/2","Type":"Expression","Description":"<span class=\"ConjDesc\">If<\/span> <span class=\"QuestionDesc\">Which would you rather have?<\/span> <span class=\"LeftOpDesc\">$85 in 35 days<\/span> <span class=\"OpDesc\">Is Selected<\/span> "},"1":{"LogicType":"Question","QuestionID":"QID16","QuestionIsInLoop":"no","ChoiceLocator":"q:\/\/QID16\/SelectableChoice\/2","Operator":"Selected","QuestionIDFromLocator":"QID16","LeftOperand":"q:\/\/QID16\/SelectableChoice\/2","Type":"Expression","Description":"<span class=\"ConjDesc\">Or<\/span> <span class=\"QuestionDesc\">Which would you rather have?<\/span> <span class=\"LeftOpDesc\">$65 in 70 days<\/span> <span class=\"OpDesc\">Is Selected<\/span> ","Conjuction":"Or"},"Type":"If"},"Type":"BooleanExpression","inPage":false}}},{"SurveyID":"SV_3kr7M7EpKxxpG2V","Element":"SQ","PrimaryAttribute":"QID4","SecondaryAttribute":"Which would you rather have?","TertiaryAttribute":null,"Payload":{"QuestionText":"Which would you rather have?","DataExportTag":"Rank 4. 3","QuestionType":"MC","Selector":"SAVR","SubSelector":"TX","Configuration":{"QuestionDescriptionOption":"UseText"},"QuestionDescription":"Which would you rather have?","Choices":{"1":{"Display":"$67 tonight"},"2":{"Display":"$85 in 35 days"}},"ChoiceOrder":[1,2],"Validation":{"Settings":{"ForceResponse":"OFF","ForceResponseType":"ON","Type":"None"}},"Language":[],"QuestionID":"QID4","DisplayLogic":{"0":{"0":{"LogicType":"Question","QuestionID":"QID5","QuestionIsInLoop":"no","ChoiceLocator":"q:\/\/QID5\/SelectableChoice\/2","Operator":"Selected","QuestionIDFromLocator":"QID5","LeftOperand":"q:\/\/QID5\/SelectableChoice\/2","Type":"Expression","Description":"<span class=\"ConjDesc\">If<\/span> <span class=\"QuestionDesc\">Which would you rather have?<\/span> <span class=\"LeftOpDesc\">$35 in 25 days<\/span> <span class=\"OpDesc\">Is Selected<\/span> "},"1":{"LogicType":"Question","QuestionID":"QID15","QuestionIsInLoop":"no","ChoiceLocator":"q:\/\/QID15\/SelectableChoice\/2","Operator":"Selected","QuestionIDFromLocator":"QID15","LeftOperand":"q:\/\/QID15\/SelectableChoice\/2","Type":"Expression","Description":"<span class=\"ConjDesc\">Or<\/span> <span class=\"QuestionDesc\">Which would you rather have?<\/span> <span class=\"LeftOpDesc\">$70 in 35 days<\/span> <span class=\"OpDesc\">Is Selected<\/span> ","Conjuction":"Or"},"Type":"If"},"Type":"BooleanExpression","inPage":false}}},{"SurveyID":"SV_3kr7M7EpKxxpG2V","Element":"SQ","PrimaryAttribute":"QID5","SecondaryAttribute":"Which would you rather have?","TertiaryAttribute":null,"Payload":{"QuestionText":"Which would you rather have?","DataExportTag":"Rank 5.1","QuestionType":"MC","Selector":"SAVR","SubSelector":"TX","Configuration":{"QuestionDescriptionOption":"UseText"},"QuestionDescription":"Which would you rather have?","Choices":{"1":{"Display":"$25 tonight"},"2":{"Display":"$35 in 25 days"}},"ChoiceOrder":[1,2],"Validation":{"Settings":{"ForceResponse":"OFF","ForceResponseType":"ON","Type":"None"}},"Language":[],"QuestionID":"QID5","DisplayLogic":{"0":{"0":{"LogicType":"Question","QuestionID":"QID6","QuestionIsInLoop":"no","ChoiceLocator":"q:\/\/QID6\/SelectableChoice\/2","Operator":"Selected","QuestionIDFromLocator":"QID6","LeftOperand":"q:\/\/QID6\/SelectableChoice\/2","Type":"Expression","Description":"<span class=\"ConjDesc\">If<\/span> <span class=\"QuestionDesc\">Which would you rather have?<\/span> <span class=\"LeftOpDesc\">$70 in 20 days<\/span> <span class=\"OpDesc\">Is Selected<\/span> "},"1":{"LogicType":"Question","QuestionID":"QID10","QuestionIsInLoop":"no","ChoiceLocator":"q:\/\/QID10\/SelectableChoice\/2","Operator":"Selected","QuestionIDFromLocator":"QID10","LeftOperand":"q:\/\/QID10\/SelectableChoice\/2","Type":"Expression","Description":"<span class=\"ConjDesc\">Or<\/span> <span class=\"QuestionDesc\">Which would you rather have?<\/span> <span class=\"LeftOpDesc\">$55 in 20 days<\/span> <span class=\"OpDesc\">Is Selected<\/span> ","Conjuction":"Or"},"Type":"If"},"Type":"BooleanExpression","inPage":false}}},{"SurveyID":"SV_3kr7M7EpKxxpG2V","Element":"SQ","PrimaryAttribute":"QID6","SecondaryAttribute":"Which would you rather have?","TertiaryAttribute":null,"Payload":{"QuestionText":"Which would you rather have?","DataExportTag":"Rank 6.3","QuestionType":"MC","Selector":"SAVR","SubSelector":"TX","Configuration":{"QuestionDescriptionOption":"UseText"},"QuestionDescription":"Which would you rather have?","Choices":{"1":{"Display":"$40 tonight"},"2":{"Display":"$70 in 20 days"}},"ChoiceOrder":[1,2],"Validation":{"Settings":{"ForceResponse":"OFF","ForceResponseType":"ON","Type":"None"}},"Language":[],"QuestionID":"QID6","DisplayLogic":{"0":{"0":{"LogicType":"Question","QuestionID":"QID7","QuestionIsInLoop":"no","ChoiceLocator":"q:\/\/QID7\/SelectableChoice\/2","Operator":"Selected","QuestionIDFromLocator":"QID7","LeftOperand":"q:\/\/QID7\/SelectableChoice\/2","Type":"Expression","Description":"<span class=\"ConjDesc\">If<\/span> <span class=\"QuestionDesc\">Which would you rather have?<\/span> <span class=\"LeftOpDesc\">$35 in 10 days<\/span> <span class=\"OpDesc\">Is Selected<\/span> "},"1":{"LogicType":"Question","QuestionID":"QID8","QuestionIsInLoop":"no","ChoiceLocator":"q:\/\/QID8\/SelectableChoice\/2","Operator":"Selected","QuestionIDFromLocator":"QID8","LeftOperand":"q:\/\/QID8\/SelectableChoice\/2","Type":"Expression","Description":"<span class=\"ConjDesc\">Or<\/span> <span class=\"QuestionDesc\">Which would you rather have?<\/span> <span class=\"LeftOpDesc\">$55 in 10 days<\/span> <span class=\"OpDesc\">Is Selected<\/span> ","Conjuction":"Or"},"Type":"If"},"Type":"BooleanExpression","inPage":false}}},{"SurveyID":"SV_3kr7M7EpKxxpG2V","Element":"SQ","PrimaryAttribute":"QID7","SecondaryAttribute":"Which would you rather have?","TertiaryAttribute":null,"Payload":{"QuestionText":"Which would you rather have?","DefaultChoices":false,"DataExportTag":"Rank 7.2","QuestionID":"QID7","QuestionType":"MC","Selector":"SAVR","SubSelector":"TX","Configuration":{"QuestionDescriptionOption":"UseText"},"QuestionDescription":"Which would you rather have?","Choices":{"1":{"Display":"$15 tonight"},"2":{"Display":"$35 in 10 days"}},"ChoiceOrder":[1,2],"Validation":{"Settings":{"ForceResponse":"OFF","ForceResponseType":"ON","Type":"None"}},"GradingData":[],"Language":[]}},{"SurveyID":"SV_3kr7M7EpKxxpG2V","Element":"SQ","PrimaryAttribute":"QID8","SecondaryAttribute":"Which would you rather have?","TertiaryAttribute":null,"Payload":{"QuestionText":"Which would you rather have?","DataExportTag":"Rank 7.1","QuestionType":"MC","Selector":"SAVR","SubSelector":"TX","Configuration":{"QuestionDescriptionOption":"UseText"},"QuestionDescription":"Which would you rather have?","Choices":{"1":{"Display":"$24 tonight"},"2":{"Display":"$55 in 10 days"}},"DisplayLogic":{"0":{"0":{"LogicType":"Question","QuestionID":"QID7","QuestionIsInLoop":"no","ChoiceLocator":"q:\/\/QID7\/SelectableChoice\/1","Operator":"Selected","QuestionIDFromLocator":"QID7","LeftOperand":"q:\/\/QID7\/SelectableChoice\/1","Type":"Expression","Description":"<span class=\"ConjDesc\">If<\/span> <span class=\"QuestionDesc\">Which would you rather have?<\/span> <span class=\"LeftOpDesc\">$15 tonight<\/span> <span class=\"OpDesc\">Is Selected<\/span> "},"Type":"If"},"Type":"BooleanExpression","inPage":false},"ChoiceOrder":[1,2],"Validation":{"Settings":{"ForceResponse":"OFF","ForceResponseType":"ON","Type":"None"}},"Language":[],"QuestionID":"QID8","DynamicChoicesData":[]}},{"SurveyID":"SV_3kr7M7EpKxxpG2V","Element":"SQ","PrimaryAttribute":"QID10","SecondaryAttribute":"Which would you rather have?","TertiaryAttribute":null,"Payload":{"QuestionText":"Which would you rather have?","DataExportTag":"Rank 6.2","QuestionType":"MC","Selector":"SAVR","SubSelector":"TX","Configuration":{"QuestionDescriptionOption":"UseText"},"QuestionDescription":"Which would you rather have?","Choices":{"1":{"Display":"$32 tonight"},"2":{"Display":"$55 in 20 days"}},"ChoiceOrder":[1,2],"Validation":{"Settings":{"ForceResponse":"OFF","ForceResponseType":"ON","Type":"None"}},"Language":[],"QuestionID":"QID10","DisplayLogic":{"0":{"0":{"LogicType":"Question","QuestionID":"QID6","QuestionIsInLoop":"no","ChoiceLocator":"q:\/\/QID6\/SelectableChoice\/1","Operator":"Selected","QuestionIDFromLocator":"QID6","LeftOperand":"q:\/\/QID6\/SelectableChoice\/1","Type":"Expression","Description":"<span class=\"ConjDesc\">If<\/span> <span class=\"QuestionDesc\">Which would you rather have?<\/span> <span class=\"LeftOpDesc\">$40 tonight<\/span> <span class=\"OpDesc\">Is Selected<\/span> "},"Type":"If"},"Type":"BooleanExpression","inPage":false}}},{"SurveyID":"SV_3kr7M7EpKxxpG2V","Element":"SQ","PrimaryAttribute":"QID15","SecondaryAttribute":"Which would you rather have?","TertiaryAttribute":null,"Payload":{"QuestionText":"Which would you rather have?","DataExportTag":"Rank 5.3","QuestionType":"MC","Selector":"SAVR","SubSelector":"TX","Configuration":{"QuestionDescriptionOption":"UseText"},"QuestionDescription":"Which would you rather have?","Choices":{"1":{"Display":"$45 tonight"},"2":{"Display":"$70 in 35 days"}},"ChoiceOrder":[1,2],"Validation":{"Settings":{"ForceResponse":"OFF","ForceResponseType":"ON","Type":"None"}},"Language":[],"QuestionID":"QID15","DisplayLogic":{"0":{"0":{"LogicType":"Question","QuestionID":"QID5","QuestionIsInLoop":"no","ChoiceLocator":"q:\/\/QID5\/SelectableChoice\/1","Operator":"Selected","QuestionIDFromLocator":"QID5","LeftOperand":"q:\/\/QID5\/SelectableChoice\/1","Type":"Expression","Description":"<span class=\"ConjDesc\">If<\/span> <span class=\"QuestionDesc\">Which would you rather have?<\/span> <span class=\"LeftOpDesc\">$25 tonight<\/span> <span class=\"OpDesc\">Is Selected<\/span> "},"Type":"If"},"Type":"BooleanExpression","inPage":false}}},{"SurveyID":"SV_3kr7M7EpKxxpG2V","Element":"SQ","PrimaryAttribute":"QID16","SecondaryAttribute":"Which would you rather have?","TertiaryAttribute":null,"Payload":{"QuestionText":"Which would you rather have?","DataExportTag":"Rank 4.2","QuestionType":"MC","Selector":"SAVR","SubSelector":"TX","Configuration":{"QuestionDescriptionOption":"UseText"},"QuestionDescription":"Which would you rather have?","Choices":{"1":{"Display":"$40 tonight"},"2":{"Display":"$65 in 70 days"}},"ChoiceOrder":[1,2],"Validation":{"Settings":{"ForceResponse":"OFF","ForceResponseType":"ON","Type":"None"}},"Language":[],"QuestionID":"QID16","DisplayLogic":{"0":{"0":{"LogicType":"Question","QuestionID":"QID4","QuestionIsInLoop":"no","ChoiceLocator":"q:\/\/QID4\/SelectableChoice\/1","Operator":"Selected","QuestionIDFromLocator":"QID4","LeftOperand":"q:\/\/QID4\/SelectableChoice\/1","Type":"Expression","Description":"<span class=\"ConjDesc\">If<\/span> <span class=\"QuestionDesc\">Which would you rather have?<\/span> <span class=\"LeftOpDesc\">$67 tonight<\/span> <span class=\"OpDesc\">Is Selected<\/span> "},"Type":"If"},"Type":"BooleanExpression","inPage":false}}},{"SurveyID":"SV_3kr7M7EpKxxpG2V","Element":"SQ","PrimaryAttribute":"QID18","SecondaryAttribute":"Which would you rather have?","TertiaryAttribute":null,"Payload":{"QuestionText":"Which would you rather have?","DataExportTag":"Rank 3.2","QuestionType":"MC","Selector":"SAVR","SubSelector":"TX","Configuration":{"QuestionDescriptionOption":"UseText"},"QuestionDescription":"Which would you rather have?","Choices":{"1":{"Display":"$47 tonight"},"2":{"Display":"$60 in 50 days"}},"ChoiceOrder":[1,2],"Validation":{"Settings":{"ForceResponse":"OFF","ForceResponseType":"ON","Type":"None"}},"Language":[],"QuestionID":"QID18","DisplayLogic":{"0":{"0":{"LogicType":"Question","QuestionID":"QID3","QuestionIsInLoop":"no","ChoiceLocator":"q:\/\/QID3\/SelectableChoice\/1","Operator":"Selected","QuestionIDFromLocator":"QID3","LeftOperand":"q:\/\/QID3\/SelectableChoice\/1","Type":"Expression","Description":"<span class=\"ConjDesc\">If<\/span> <span class=\"QuestionDesc\">Which would you rather have?<\/span> <span class=\"LeftOpDesc\">$47 tonight<\/span> <span class=\"OpDesc\">Is Selected<\/span> "},"Type":"If"},"Type":"BooleanExpression","inPage":false}}},{"SurveyID":"SV_3kr7M7EpKxxpG2V","Element":"SQ","PrimaryAttribute":"QID22","SecondaryAttribute":"Which would you rather have?","TertiaryAttribute":null,"Payload":{"QuestionText":"Which would you rather have?","DataExportTag":"Rank 2.1","QuestionType":"MC","Selector":"SAVR","SubSelector":"TX","Configuration":{"QuestionDescriptionOption":"UseText"},"QuestionDescription":"Which would you rather have?","Choices":{"1":{"Display":"$27 tonight"},"2":{"Display":"$30 in 35 days"}},"DisplayLogic":{"0":{"0":{"LogicType":"Question","QuestionID":"QID2","QuestionIsInLoop":"no","ChoiceLocator":"q:\/\/QID2\/SelectableChoice\/1","Operator":"Selected","QuestionIDFromLocator":"QID2","LeftOperand":"q:\/\/QID2\/SelectableChoice\/1","Type":"Expression","Description":"<span class=\"ConjDesc\">If<\/span> <span class=\"QuestionDesc\">Which would you rather have?<\/span> <span class=\"LeftOpDesc\">$48 tonight<\/span> <span class=\"OpDesc\">Is Selected<\/span> "},"Type":"If"},"Type":"BooleanExpression","inPage":false},"ChoiceOrder":[1,2],"Validation":{"Settings":{"ForceResponse":"OFF","ForceResponseType":"ON","Type":"None"}},"Language":[],"QuestionID":"QID22"}},{"SurveyID":"SV_3kr7M7EpKxxpG2V","Element":"SQ","PrimaryAttribute":"QID21","SecondaryAttribute":"Your discount rate is approximately 0.0007. \u00a0This is a LOW discount rate - approximately 88% of p..","TertiaryAttribute":null,"Payload":{"QuestionText":"Your discount rate is approximately 0.0007. &nbsp;This is a LOW discount rate - approximately 88% of people chose the immediate reward.<div><br><\/div><div>Please record your&nbsp;<span style=\"font-weight: 700;\">discount rate<\/span>&nbsp;and&nbsp;<span style=\"font-weight: 700;\">rank&nbsp;<\/span>(e.g. HIGH or LOW) on your worksheet.<\/div>","DefaultChoices":false,"DataExportTag":"Rank 1","QuestionID":"QID21","QuestionType":"DB","Selector":"TB","Configuration":{"QuestionDescriptionOption":"UseText"},"QuestionDescription":"Your discount rate is approximately 0.0007. \u00a0This is a LOW discount rate - approximately 88% of p...","ChoiceOrder":[],"Validation":{"Settings":{"Type":"None"}},"GradingData":[],"Language":[],"DisplayLogic":{"0":{"0":{"LogicType":"Question","QuestionID":"QID1","QuestionIsInLoop":"no","ChoiceLocator":"q:\/\/QID1\/SelectableChoice\/2","Operator":"Selected","QuestionIDFromLocator":"QID1","LeftOperand":"q:\/\/QID1\/SelectableChoice\/2","Type":"Expression","Description":"<span class=\"ConjDesc\">If<\/span> <span class=\"QuestionDesc\">Which would you rather have?<\/span> <span class=\"LeftOpDesc\">$35 in 43 days?<\/span> <span class=\"OpDesc\">Is Selected<\/span> "},"Type":"If"},"Type":"BooleanExpression","inPage":false}}},{"SurveyID":"SV_3kr7M7EpKxxpG2V","Element":"SQ","PrimaryAttribute":"QID20","SecondaryAttribute":"Your discount rate is approximately 0.003. \u00a0This is a MODERATELY LOW discount rate - approximatel..","TertiaryAttribute":null,"Payload":{"QuestionText":"Your discount rate is approximately 0.003. &nbsp;This is a MODERATELY LOW discount rate - approximately 74% of people choose the delayed reward.<div><br><\/div><div>Please record your&nbsp;<span style=\"font-weight: 700;\">discount rate<\/span>&nbsp;and&nbsp;<span style=\"font-weight: 700;\">rank&nbsp;<\/span>(e.g. HIGH or LOW) on your worksheet.<\/div>","DefaultChoices":false,"DataExportTag":"Rank 2","QuestionID":"QID20","QuestionType":"DB","Selector":"TB","Configuration":{"QuestionDescriptionOption":"UseText"},"QuestionDescription":"Your discount rate is approximately 0.003. \u00a0This is a MODERATELY LOW discount rate - approximatel...","ChoiceOrder":[],"Validation":{"Settings":{"Type":"None"}},"GradingData":[],"Language":[],"DisplayLogic":{"0":{"0":{"LogicType":"Question","QuestionID":"QID22","QuestionIsInLoop":"no","ChoiceLocator":"q:\/\/QID22\/SelectableChoice\/1","Operator":"Selected","QuestionIDFromLocator":"QID22","LeftOperand":"q:\/\/QID22\/SelectableChoice\/1","Type":"Expression","Description":"<span class=\"ConjDesc\">If<\/span> <span class=\"QuestionDesc\">Which would you rather have?<\/span> <span class=\"LeftOpDesc\">$27 tonight<\/span> <span class=\"OpDesc\">Is Selected<\/span> "},"Type":"If"},"Type":"BooleanExpression","inPage":false}}},{"SurveyID":"SV_3kr7M7EpKxxpG2V","Element":"SQ","PrimaryAttribute":"QID24","SecondaryAttribute":"Your discount rate is approximately 0.003. \u00a0This is a MODERATELY LOW discount rate - approximatel..","TertiaryAttribute":null,"Payload":{"QuestionText":"Your discount rate is approximately 0.003. &nbsp;This is a MODERATELY LOW discount rate - approximately 74% of people choose the delayed reward.<div><br><\/div><div>Please record your&nbsp;<span style=\"font-weight: 700;\">discount rate<\/span>&nbsp;and&nbsp;<span style=\"font-weight: 700;\">rank&nbsp;<\/span>(e.g. HIGH or LOW) on your worksheet.<\/div>","DefaultChoices":false,"DataExportTag":"Rank 2","QuestionType":"DB","Selector":"TB","Configuration":{"QuestionDescriptionOption":"UseText"},"QuestionDescription":"Your discount rate is approximately 0.003. \u00a0This is a MODERATELY LOW discount rate - approximatel...","ChoiceOrder":[],"Validation":{"Settings":{"Type":"None"}},"GradingData":[],"Language":[],"QuestionID":"QID24","DisplayLogic":{"0":{"0":{"LogicType":"Question","QuestionID":"QID1","QuestionIsInLoop":"no","ChoiceLocator":"q:\/\/QID1\/SelectableChoice\/1","Operator":"Selected","QuestionIDFromLocator":"QID1","LeftOperand":"q:\/\/QID1\/SelectableChoice\/1","Type":"Expression","Description":"<span class=\"ConjDesc\">If<\/span> <span class=\"QuestionDesc\">Which would you rather have?<\/span> <span class=\"LeftOpDesc\">$34 tonight<\/span> <span class=\"OpDesc\">Is Selected<\/span> "},"Type":"If"},"Type":"BooleanExpression","inPage":false}}},{"SurveyID":"SV_3kr7M7EpKxxpG2V","Element":"SQ","PrimaryAttribute":"QID19","SecondaryAttribute":"Your discount rate is approximately 0.005. \u00a0This is a MODERATE discount rate - approximately 53%...","TertiaryAttribute":null,"Payload":{"QuestionText":"Your discount rate is approximately 0.005. &nbsp;This is a MODERATE discount rate - approximately 53% of people choose the immediate reward.<div><br><\/div><div>Please record your&nbsp;<span style=\"font-weight: 700;\">discount rate<\/span>&nbsp;and&nbsp;<span style=\"font-weight: 700;\">rank&nbsp;<\/span>(e.g. HIGH or LOW) on your worksheet.<\/div>","DefaultChoices":false,"DataExportTag":"Rank 3","QuestionType":"DB","Selector":"TB","Configuration":{"QuestionDescriptionOption":"UseText"},"QuestionDescription":"Your discount rate is approximately 0.005. \u00a0This is a MODERATE discount rate - approximately 53%...","ChoiceOrder":[],"Validation":{"Settings":{"Type":"None"}},"GradingData":[],"Language":[],"QuestionID":"QID19","DisplayLogic":{"0":{"0":{"LogicType":"Question","QuestionID":"QID18","QuestionIsInLoop":"no","ChoiceLocator":"q:\/\/QID18\/SelectableChoice\/1","Operator":"Selected","QuestionIDFromLocator":"QID18","LeftOperand":"q:\/\/QID18\/SelectableChoice\/1","Type":"Expression","Description":"<span class=\"ConjDesc\">If<\/span> <span class=\"QuestionDesc\">Which would you rather have?<\/span> <span class=\"LeftOpDesc\">$47 tonight<\/span> <span class=\"OpDesc\">Is Selected<\/span> "},"Type":"If"},"Type":"BooleanExpression","inPage":false}}},{"SurveyID":"SV_3kr7M7EpKxxpG2V","Element":"SQ","PrimaryAttribute":"QID17","SecondaryAttribute":"Your discount rate is approximately 0.008. \u00a0This is a MODERATELY HIGH discount rate - approximate..","TertiaryAttribute":null,"Payload":{"QuestionText":"Your discount rate is approximately 0.008. &nbsp;This is a MODERATELY HIGH discount rate - approximately 32% of people choose the immediate reward.<div><br><\/div><div>Please record your&nbsp;<span style=\"font-weight: 700;\">discount rate<\/span>&nbsp;and&nbsp;<span style=\"font-weight: 700;\">rank&nbsp;<\/span>(e.g. HIGH or LOW) on your worksheet.<\/div>","DefaultChoices":false,"DataExportTag":"Rank 4","QuestionType":"DB","Selector":"TB","Configuration":{"QuestionDescriptionOption":"UseText"},"QuestionDescription":"Your discount rate is approximately 0.008. \u00a0This is a MODERATELY HIGH discount rate - approximate...","ChoiceOrder":[],"Validation":{"Settings":{"Type":"None"}},"GradingData":[],"Language":[],"QuestionID":"QID17","DisplayLogic":{"0":{"0":{"LogicType":"Question","QuestionID":"QID16","QuestionIsInLoop":"no","ChoiceLocator":"q:\/\/QID16\/SelectableChoice\/1","Operator":"Selected","QuestionIDFromLocator":"QID16","LeftOperand":"q:\/\/QID16\/SelectableChoice\/1","Type":"Expression","Description":"<span class=\"ConjDesc\">If<\/span> <span class=\"QuestionDesc\">Which would you rather have?<\/span> <span class=\"LeftOpDesc\">$30 tonight<\/span> <span class=\"OpDesc\">Is Selected<\/span> "},"Type":"If"},"Type":"BooleanExpression","inPage":false}}},{"SurveyID":"SV_3kr7M7EpKxxpG2V","Element":"SQ","PrimaryAttribute":"QID14","SecondaryAttribute":"Your discount rate is approximately 0.015. \u00a0This is a MODERATELY HIGH discount rate - approximate..","TertiaryAttribute":null,"Payload":{"QuestionText":"Your discount rate is approximately 0.015. &nbsp;This is a MODERATELY HIGH discount rate - approximately 25% of people choose the immediate reward.<div><br><\/div><div>Please record your&nbsp;<span style=\"font-weight: 700;\">discount rate<\/span>&nbsp;and&nbsp;<span style=\"font-weight: 700;\">rank&nbsp;<\/span>(e.g. HIGH or LOW) on your worksheet.<\/div>","DefaultChoices":false,"DataExportTag":"Rank 5","QuestionType":"DB","Selector":"TB","Configuration":{"QuestionDescriptionOption":"UseText"},"QuestionDescription":"Your discount rate is approximately 0.015. \u00a0This is a MODERATELY HIGH discount rate - approximate...","ChoiceOrder":[],"Validation":{"Settings":{"Type":"None"}},"GradingData":[],"Language":[],"QuestionID":"QID14","DisplayLogic":{"0":{"0":{"LogicType":"Question","QuestionID":"QID15","QuestionIsInLoop":"no","ChoiceLocator":"q:\/\/QID15\/SelectableChoice\/1","Operator":"Selected","QuestionIDFromLocator":"QID15","LeftOperand":"q:\/\/QID15\/SelectableChoice\/1","Type":"Expression","Description":"<span class=\"ConjDesc\">If<\/span> <span class=\"QuestionDesc\">Which would you rather have?<\/span> <span class=\"LeftOpDesc\">$45 tonight<\/span> <span class=\"OpDesc\">Is Selected<\/span> "},"Type":"If"},"Type":"BooleanExpression","inPage":false}}},{"SurveyID":"SV_3kr7M7EpKxxpG2V","Element":"SQ","PrimaryAttribute":"QID11","SecondaryAttribute":"Your discount rate is approximately 0.035. \u00a0 This is a HIGH discount rate - approximately 10% of...","TertiaryAttribute":null,"Payload":{"QuestionText":"Your discount rate is approximately 0.035. &nbsp; This is a HIGH discount rate - approximately 10% of people choose the immediate reward.<div><br><\/div><div>Please record your&nbsp;<span style=\"font-weight: 700;\">discount rate<\/span>&nbsp;and&nbsp;<span style=\"font-weight: 700;\">rank&nbsp;<\/span>(e.g. HIGH or LOW) on your worksheet.<\/div>","DefaultChoices":false,"DataExportTag":"Rank 6","QuestionType":"DB","Selector":"TB","Configuration":{"QuestionDescriptionOption":"UseText"},"QuestionDescription":"Your discount rate is approximately 0.035. \u00a0 This is a HIGH discount rate - approximately 10% of...","ChoiceOrder":[],"Validation":{"Settings":{"Type":"None"}},"GradingData":[],"Language":[],"QuestionID":"QID11","DisplayLogic":{"0":{"0":{"LogicType":"Question","QuestionID":"QID10","QuestionIsInLoop":"no","ChoiceLocator":"q:\/\/QID10\/SelectableChoice\/1","Operator":"Selected","QuestionIDFromLocator":"QID10","LeftOperand":"q:\/\/QID10\/SelectableChoice\/1","Type":"Expression","Description":"<span class=\"ConjDesc\">If<\/span> <span class=\"QuestionDesc\">Which would you rather have?<\/span> <span class=\"LeftOpDesc\">$32 tonight<\/span> <span class=\"OpDesc\">Is Selected<\/span> "},"Type":"If"},"Type":"BooleanExpression","inPage":false}}},{"SurveyID":"SV_3kr7M7EpKxxpG2V","Element":"SQ","PrimaryAttribute":"QID9","SecondaryAttribute":"Your discount rate is approximately 0.13. \u00a0This is a VERY HIGH discount rate - approximately 1% o..","TertiaryAttribute":null,"Payload":{"QuestionText":"Your discount rate is approximately 0.13. &nbsp;This is a VERY HIGH discount rate - approximately 1% of people choose the immediate reward.<div><br><\/div><div>Please record your&nbsp;<span style=\"font-weight: 700;\">discount rate<\/span>&nbsp;and&nbsp;<span style=\"font-weight: 700;\">rank&nbsp;<\/span>(e.g. HIGH or LOW) on your worksheet.<\/div>","DefaultChoices":false,"DataExportTag":"Rank 7","QuestionType":"DB","Selector":"TB","Configuration":{"QuestionDescriptionOption":"UseText"},"QuestionDescription":"Your discount rate is approximately 0.13. \u00a0This is a VERY HIGH discount rate - approximately 1% o...","ChoiceOrder":[],"Validation":{"Settings":{"Type":"None"}},"GradingData":[],"Language":[],"QuestionID":"QID9","DisplayLogic":{"0":{"0":{"LogicType":"Question","QuestionID":"QID8","QuestionIsInLoop":"no","ChoiceLocator":"q:\/\/QID8\/SelectableChoice\/1","Operator":"Selected","QuestionIDFromLocator":"QID8","LeftOperand":"q:\/\/QID8\/SelectableChoice\/1","Type":"Expression","Description":"<span class=\"ConjDesc\">If<\/span> <span class=\"QuestionDesc\">Which would you rather have?<\/span> <span class=\"LeftOpDesc\">$24 tonight<\/span> <span class=\"OpDesc\">Is Selected<\/span> "},"Type":"If"},"Type":"BooleanExpression","inPage":false}}}]}